// !$*UTF8*$!
{
	archiveVersion = 1;
	classes = {
	};
	objectVersion = 46;
	objects = {

/* Begin PBXBuildFile section */
		0472A5881D3C241500285438 /* main.m in Sources */ = {isa = PBXBuildFile; fileRef = 0472A5871D3C241500285438 /* main.m */; };
		0472A58B1D3C241500285438 /* AppDelegate.m in Sources */ = {isa = PBXBuildFile; fileRef = 0472A58A1D3C241500285438 /* AppDelegate.m */; };
		0472A58E1D3C241500285438 /* ViewController.m in Sources */ = {isa = PBXBuildFile; fileRef = 0472A58D1D3C241500285438 /* ViewController.m */; };
		0472A5911D3C241500285438 /* Main.storyboard in Resources */ = {isa = PBXBuildFile; fileRef = 0472A58F1D3C241500285438 /* Main.storyboard */; };
		0472A5931D3C241500285438 /* Assets.xcassets in Resources */ = {isa = PBXBuildFile; fileRef = 0472A5921D3C241500285438 /* Assets.xcassets */; };
		0472A5961D3C241500285438 /* LaunchScreen.storyboard in Resources */ = {isa = PBXBuildFile; fileRef = 0472A5941D3C241500285438 /* LaunchScreen.storyboard */; };
		0472A5A11D3C241500285438 /* Color_ChangerTests.m in Sources */ = {isa = PBXBuildFile; fileRef = 0472A5A01D3C241500285438 /* Color_ChangerTests.m */; };
		0472A5AC1D3C241500285438 /* Color_ChangerUITests.m in Sources */ = {isa = PBXBuildFile; fileRef = 0472A5AB1D3C241500285438 /* Color_ChangerUITests.m */; };
		0472A5BB1D3C24F900285438 /* InputTextField.m in Sources */ = {isa = PBXBuildFile; fileRef = 0472A5BA1D3C24F900285438 /* InputTextField.m */; };
		0472A5BF1D3C2C9100285438 /* ColorChangingButton.m in Sources */ = {isa = PBXBuildFile; fileRef = 0472A5BE1D3C2C9100285438 /* ColorChangingButton.m */; };
		0472A5C21D3C356500285438 /* OutputTableView.m in Sources */ = {isa = PBXBuildFile; fileRef = 0472A5C11D3C356500285438 /* OutputTableView.m */; };
		0472A5C51D3C363100285438 /* SaveButton.m in Sources */ = {isa = PBXBuildFile; fileRef = 0472A5C41D3C363100285438 /* SaveButton.m */; };
/* End PBXBuildFile section */

/* Begin PBXContainerItemProxy section */
		0472A59D1D3C241500285438 /* PBXContainerItemProxy */ = {
			isa = PBXContainerItemProxy;
			containerPortal = 0472A57B1D3C241500285438 /* Project object */;
			proxyType = 1;
			remoteGlobalIDString = 0472A5821D3C241500285438;
			remoteInfo = "Color Changer";
		};
		0472A5A81D3C241500285438 /* PBXContainerItemProxy */ = {
			isa = PBXContainerItemProxy;
			containerPortal = 0472A57B1D3C241500285438 /* Project object */;
			proxyType = 1;
			remoteGlobalIDString = 0472A5821D3C241500285438;
			remoteInfo = "Color Changer";
		};
/* End PBXContainerItemProxy section */

/* Begin PBXFileReference section */
		0472A5831D3C241500285438 /* Color Changer.app */ = {isa = PBXFileReference; explicitFileType = wrapper.application; includeInIndex = 0; path = "Color Changer.app"; sourceTree = BUILT_PRODUCTS_DIR; };
		0472A5871D3C241500285438 /* main.m */ = {isa = PBXFileReference; lastKnownFileType = sourcecode.c.objc; path = main.m; sourceTree = "<group>"; };
		0472A5891D3C241500285438 /* AppDelegate.h */ = {isa = PBXFileReference; lastKnownFileType = sourcecode.c.h; path = AppDelegate.h; sourceTree = "<group>"; };
		0472A58A1D3C241500285438 /* AppDelegate.m */ = {isa = PBXFileReference; lastKnownFileType = sourcecode.c.objc; path = AppDelegate.m; sourceTree = "<group>"; };
		0472A58C1D3C241500285438 /* ViewController.h */ = {isa = PBXFileReference; lastKnownFileType = sourcecode.c.h; path = ViewController.h; sourceTree = "<group>"; };
		0472A58D1D3C241500285438 /* ViewController.m */ = {isa = PBXFileReference; lastKnownFileType = sourcecode.c.objc; path = ViewController.m; sourceTree = "<group>"; };
		0472A5901D3C241500285438 /* Base */ = {isa = PBXFileReference; lastKnownFileType = file.storyboard; name = Base; path = Base.lproj/Main.storyboard; sourceTree = "<group>"; };
		0472A5921D3C241500285438 /* Assets.xcassets */ = {isa = PBXFileReference; lastKnownFileType = folder.assetcatalog; path = Assets.xcassets; sourceTree = "<group>"; };
		0472A5951D3C241500285438 /* Base */ = {isa = PBXFileReference; lastKnownFileType = file.storyboard; name = Base; path = Base.lproj/LaunchScreen.storyboard; sourceTree = "<group>"; };
		0472A5971D3C241500285438 /* Info.plist */ = {isa = PBXFileReference; lastKnownFileType = text.plist.xml; path = Info.plist; sourceTree = "<group>"; };
		0472A59C1D3C241500285438 /* Color ChangerTests.xctest */ = {isa = PBXFileReference; explicitFileType = wrapper.cfbundle; includeInIndex = 0; path = "Color ChangerTests.xctest"; sourceTree = BUILT_PRODUCTS_DIR; };
		0472A5A01D3C241500285438 /* Color_ChangerTests.m */ = {isa = PBXFileReference; lastKnownFileType = sourcecode.c.objc; path = Color_ChangerTests.m; sourceTree = "<group>"; };
		0472A5A21D3C241500285438 /* Info.plist */ = {isa = PBXFileReference; lastKnownFileType = text.plist.xml; path = Info.plist; sourceTree = "<group>"; };
		0472A5A71D3C241500285438 /* Color ChangerUITests.xctest */ = {isa = PBXFileReference; explicitFileType = wrapper.cfbundle; includeInIndex = 0; path = "Color ChangerUITests.xctest"; sourceTree = BUILT_PRODUCTS_DIR; };
		0472A5AB1D3C241500285438 /* Color_ChangerUITests.m */ = {isa = PBXFileReference; lastKnownFileType = sourcecode.c.objc; path = Color_ChangerUITests.m; sourceTree = "<group>"; };
		0472A5AD1D3C241500285438 /* Info.plist */ = {isa = PBXFileReference; lastKnownFileType = text.plist.xml; path = Info.plist; sourceTree = "<group>"; };
		0472A5B91D3C24F900285438 /* InputTextField.h */ = {isa = PBXFileReference; fileEncoding = 4; lastKnownFileType = sourcecode.c.h; name = InputTextField.h; path = View/InputTextField.h; sourceTree = "<group>"; };
		0472A5BA1D3C24F900285438 /* InputTextField.m */ = {isa = PBXFileReference; fileEncoding = 4; lastKnownFileType = sourcecode.c.objc; name = InputTextField.m; path = View/InputTextField.m; sourceTree = "<group>"; };
		0472A5BD1D3C2C9100285438 /* ColorChangingButton.h */ = {isa = PBXFileReference; fileEncoding = 4; lastKnownFileType = sourcecode.c.h; name = ColorChangingButton.h; path = View/ColorChangingButton.h; sourceTree = "<group>"; };
		0472A5BE1D3C2C9100285438 /* ColorChangingButton.m */ = {isa = PBXFileReference; fileEncoding = 4; lastKnownFileType = sourcecode.c.objc; name = ColorChangingButton.m; path = View/ColorChangingButton.m; sourceTree = "<group>"; };
		0472A5C01D3C356500285438 /* OutputTableView.h */ = {isa = PBXFileReference; fileEncoding = 4; lastKnownFileType = sourcecode.c.h; name = OutputTableView.h; path = View/OutputTableView.h; sourceTree = "<group>"; };
		0472A5C11D3C356500285438 /* OutputTableView.m */ = {isa = PBXFileReference; fileEncoding = 4; lastKnownFileType = sourcecode.c.objc; name = OutputTableView.m; path = View/OutputTableView.m; sourceTree = "<group>"; };
		0472A5C31D3C363100285438 /* SaveButton.h */ = {isa = PBXFileReference; fileEncoding = 4; lastKnownFileType = sourcecode.c.h; name = SaveButton.h; path = "/Users/mac/Desktop/Obj-C Programs/Color Changer/Color Changer/View/SaveButton.h"; sourceTree = "<absolute>"; };
		0472A5C41D3C363100285438 /* SaveButton.m */ = {isa = PBXFileReference; fileEncoding = 4; lastKnownFileType = sourcecode.c.objc; name = SaveButton.m; path = View/SaveButton.m; sourceTree = "<group>"; };
/* End PBXFileReference section */

/* Begin PBXFrameworksBuildPhase section */
		0472A5801D3C241500285438 /* Frameworks */ = {
			isa = PBXFrameworksBuildPhase;
			buildActionMask = 2147483647;
			files = (
			);
			runOnlyForDeploymentPostprocessing = 0;
		};
		0472A5991D3C241500285438 /* Frameworks */ = {
			isa = PBXFrameworksBuildPhase;
			buildActionMask = 2147483647;
			files = (
			);
			runOnlyForDeploymentPostprocessing = 0;
		};
		0472A5A41D3C241500285438 /* Frameworks */ = {
			isa = PBXFrameworksBuildPhase;
			buildActionMask = 2147483647;
			files = (
			);
			runOnlyForDeploymentPostprocessing = 0;
		};
/* End PBXFrameworksBuildPhase section */

/* Begin PBXGroup section */
		0472A57A1D3C241500285438 = {
			isa = PBXGroup;
			children = (
				0472A5851D3C241500285438 /* Color Changer */,
				0472A59F1D3C241500285438 /* Color ChangerTests */,
				0472A5841D3C241500285438 /* Products */,
			);
			sourceTree = "<group>";
		};
		0472A5841D3C241500285438 /* Products */ = {
			isa = PBXGroup;
			children = (
				0472A5831D3C241500285438 /* Color Changer.app */,
				0472A59C1D3C241500285438 /* Color ChangerTests.xctest */,
				0472A5A71D3C241500285438 /* Color ChangerUITests.xctest */,
			);
			name = Products;
			sourceTree = "<group>";
		};
		0472A5851D3C241500285438 /* Color Changer */ = {
			isa = PBXGroup;
			children = (
				0472A5891D3C241500285438 /* AppDelegate.h */,
				0472A58A1D3C241500285438 /* AppDelegate.m */,
				0472A58C1D3C241500285438 /* ViewController.h */,
				0472A58D1D3C241500285438 /* ViewController.m */,
				0472A5BC1D3C250000285438 /* View */,
				0472A58F1D3C241500285438 /* Main.storyboard */,
				0472A5921D3C241500285438 /* Assets.xcassets */,
				0472A5941D3C241500285438 /* LaunchScreen.storyboard */,
				0472A5971D3C241500285438 /* Info.plist */,
				0472A5861D3C241500285438 /* Supporting Files */,
			);
			path = "Color Changer";
			sourceTree = "<group>";
		};
		0472A5861D3C241500285438 /* Supporting Files */ = {
			isa = PBXGroup;
			children = (
				0472A5871D3C241500285438 /* main.m */,
			);
			name = "Supporting Files";
			sourceTree = "<group>";
		};
		0472A59F1D3C241500285438 /* Color ChangerTests */ = {
			isa = PBXGroup;
			children = (
				0472A5AA1D3C241500285438 /* Color ChangerUITests */,
				0472A5A01D3C241500285438 /* Color_ChangerTests.m */,
				0472A5A21D3C241500285438 /* Info.plist */,
			);
			path = "Color ChangerTests";
			sourceTree = "<group>";
		};
		0472A5AA1D3C241500285438 /* Color ChangerUITests */ = {
			isa = PBXGroup;
			children = (
				0472A5AB1D3C241500285438 /* Color_ChangerUITests.m */,
				0472A5AD1D3C241500285438 /* Info.plist */,
			);
			name = "Color ChangerUITests";
			path = "../Color ChangerUITests";
			sourceTree = "<group>";
		};
		0472A5BC1D3C250000285438 /* View */ = {
			isa = PBXGroup;
			children = (
				0472A5B91D3C24F900285438 /* InputTextField.h */,
				0472A5BA1D3C24F900285438 /* InputTextField.m */,
				0472A5BD1D3C2C9100285438 /* ColorChangingButton.h */,
				0472A5BE1D3C2C9100285438 /* ColorChangingButton.m */,
				0472A5C31D3C363100285438 /* SaveButton.h */,
				0472A5C41D3C363100285438 /* SaveButton.m */,
				0472A5C01D3C356500285438 /* OutputTableView.h */,
				0472A5C11D3C356500285438 /* OutputTableView.m */,
			);
			name = View;
			sourceTree = "<group>";
		};
/* End PBXGroup section */

/* Begin PBXNativeTarget section */
		0472A5821D3C241500285438 /* Color Changer */ = {
			isa = PBXNativeTarget;
			buildConfigurationList = 0472A5B01D3C241500285438 /* Build configuration list for PBXNativeTarget "Color Changer" */;
			buildPhases = (
				0472A57F1D3C241500285438 /* Sources */,
				0472A5801D3C241500285438 /* Frameworks */,
				0472A5811D3C241500285438 /* Resources */,
			);
			buildRules = (
			);
			dependencies = (
			);
			name = "Color Changer";
			productName = "Color Changer";
			productReference = 0472A5831D3C241500285438 /* Color Changer.app */;
			productType = "com.apple.product-type.application";
		};
		0472A59B1D3C241500285438 /* Color ChangerTests */ = {
			isa = PBXNativeTarget;
			buildConfigurationList = 0472A5B31D3C241500285438 /* Build configuration list for PBXNativeTarget "Color ChangerTests" */;
			buildPhases = (
				0472A5981D3C241500285438 /* Sources */,
				0472A5991D3C241500285438 /* Frameworks */,
				0472A59A1D3C241500285438 /* Resources */,
			);
			buildRules = (
			);
			dependencies = (
				0472A59E1D3C241500285438 /* PBXTargetDependency */,
			);
			name = "Color ChangerTests";
			productName = "Color ChangerTests";
			productReference = 0472A59C1D3C241500285438 /* Color ChangerTests.xctest */;
			productType = "com.apple.product-type.bundle.unit-test";
		};
		0472A5A61D3C241500285438 /* Color ChangerUITests */ = {
			isa = PBXNativeTarget;
			buildConfigurationList = 0472A5B61D3C241500285438 /* Build configuration list for PBXNativeTarget "Color ChangerUITests" */;
			buildPhases = (
				0472A5A31D3C241500285438 /* Sources */,
				0472A5A41D3C241500285438 /* Frameworks */,
				0472A5A51D3C241500285438 /* Resources */,
			);
			buildRules = (
			);
			dependencies = (
				0472A5A91D3C241500285438 /* PBXTargetDependency */,
			);
			name = "Color ChangerUITests";
			productName = "Color ChangerUITests";
			productReference = 0472A5A71D3C241500285438 /* Color ChangerUITests.xctest */;
			productType = "com.apple.product-type.bundle.ui-testing";
		};
/* End PBXNativeTarget section */

/* Begin PBXProject section */
		0472A57B1D3C241500285438 /* Project object */ = {
			isa = PBXProject;
			attributes = {
				LastUpgradeCheck = 0730;
				ORGANIZATIONNAME = "Михаил Поддубный";
				TargetAttributes = {
					0472A5821D3C241500285438 = {
						CreatedOnToolsVersion = 7.3.1;
					};
					0472A59B1D3C241500285438 = {
						CreatedOnToolsVersion = 7.3.1;
						TestTargetID = 0472A5821D3C241500285438;
					};
					0472A5A61D3C241500285438 = {
						CreatedOnToolsVersion = 7.3.1;
						TestTargetID = 0472A5821D3C241500285438;
					};
				};
			};
			buildConfigurationList = 0472A57E1D3C241500285438 /* Build configuration list for PBXProject "Color Changer" */;
			compatibilityVersion = "Xcode 3.2";
			developmentRegion = English;
			hasScannedForEncodings = 0;
			knownRegions = (
				en,
				Base,
			);
			mainGroup = 0472A57A1D3C241500285438;
			productRefGroup = 0472A5841D3C241500285438 /* Products */;
			projectDirPath = "";
			projectRoot = "";
			targets = (
				0472A5821D3C241500285438 /* Color Changer */,
				0472A59B1D3C241500285438 /* Color ChangerTests */,
				0472A5A61D3C241500285438 /* Color ChangerUITests */,
			);
		};
/* End PBXProject section */

/* Begin PBXResourcesBuildPhase section */
		0472A5811D3C241500285438 /* Resources */ = {
			isa = PBXResourcesBuildPhase;
			buildActionMask = 2147483647;
			files = (
				0472A5961D3C241500285438 /* LaunchScreen.storyboard in Resources */,
				0472A5931D3C241500285438 /* Assets.xcassets in Resources */,
				0472A5911D3C241500285438 /* Main.storyboard in Resources */,
			);
			runOnlyForDeploymentPostprocessing = 0;
		};
		0472A59A1D3C241500285438 /* Resources */ = {
			isa = PBXResourcesBuildPhase;
			buildActionMask = 2147483647;
			files = (
			);
			runOnlyForDeploymentPostprocessing = 0;
		};
		0472A5A51D3C241500285438 /* Resources */ = {
			isa = PBXResourcesBuildPhase;
			buildActionMask = 2147483647;
			files = (
			);
			runOnlyForDeploymentPostprocessing = 0;
		};
/* End PBXResourcesBuildPhase section */

/* Begin PBXSourcesBuildPhase section */
		0472A57F1D3C241500285438 /* Sources */ = {
			isa = PBXSourcesBuildPhase;
			buildActionMask = 2147483647;
			files = (
				0472A5BB1D3C24F900285438 /* InputTextField.m in Sources */,
				0472A58E1D3C241500285438 /* ViewController.m in Sources */,
				0472A58B1D3C241500285438 /* AppDelegate.m in Sources */,
				0472A5BF1D3C2C9100285438 /* ColorChangingButton.m in Sources */,
				0472A5C21D3C356500285438 /* OutputTableView.m in Sources */,
				0472A5881D3C241500285438 /* main.m in Sources */,
				0472A5C51D3C363100285438 /* SaveButton.m in Sources */,
			);
			runOnlyForDeploymentPostprocessing = 0;
		};
		0472A5981D3C241500285438 /* Sources */ = {
			isa = PBXSourcesBuildPhase;
			buildActionMask = 2147483647;
			files = (
				0472A5A11D3C241500285438 /* Color_ChangerTests.m in Sources */,
			);
			runOnlyForDeploymentPostprocessing = 0;
		};
		0472A5A31D3C241500285438 /* Sources */ = {
			isa = PBXSourcesBuildPhase;
			buildActionMask = 2147483647;
			files = (
				0472A5AC1D3C241500285438 /* Color_ChangerUITests.m in Sources */,
			);
			runOnlyForDeploymentPostprocessing = 0;
		};
/* End PBXSourcesBuildPhase section */

/* Begin PBXTargetDependency section */
		0472A59E1D3C241500285438 /* PBXTargetDependency */ = {
			isa = PBXTargetDependency;
			target = 0472A5821D3C241500285438 /* Color Changer */;
			targetProxy = 0472A59D1D3C241500285438 /* PBXContainerItemProxy */;
		};
		0472A5A91D3C241500285438 /* PBXTargetDependency */ = {
			isa = PBXTargetDependency;
			target = 0472A5821D3C241500285438 /* Color Changer */;
			targetProxy = 0472A5A81D3C241500285438 /* PBXContainerItemProxy */;
		};
/* End PBXTargetDependency section */

/* Begin PBXVariantGroup section */
		0472A58F1D3C241500285438 /* Main.storyboard */ = {
			isa = PBXVariantGroup;
			children = (
				0472A5901D3C241500285438 /* Base */,
			);
			name = Main.storyboard;
			sourceTree = "<group>";
		};
		0472A5941D3C241500285438 /* LaunchScreen.storyboard */ = {
			isa = PBXVariantGroup;
			children = (
				0472A5951D3C241500285438 /* Base */,
			);
			name = LaunchScreen.storyboard;
			sourceTree = "<group>";
		};
/* End PBXVariantGroup section */

/* Begin XCBuildConfiguration section */
		0472A5AE1D3C241500285438 /* Debug */ = {
			isa = XCBuildConfiguration;
			buildSettings = {
				ALWAYS_SEARCH_USER_PATHS = NO;
				CLANG_ANALYZER_NONNULL = YES;
				CLANG_CXX_LANGUAGE_STANDARD = "gnu++0x";
				CLANG_CXX_LIBRARY = "libc++";
				CLANG_ENABLE_MODULES = YES;
				CLANG_ENABLE_OBJC_ARC = YES;
				CLANG_WARN_BOOL_CONVERSION = YES;
				CLANG_WARN_CONSTANT_CONVERSION = YES;
				CLANG_WARN_DIRECT_OBJC_ISA_USAGE = YES_ERROR;
				CLANG_WARN_EMPTY_BODY = YES;
				CLANG_WARN_ENUM_CONVERSION = YES;
				CLANG_WARN_INT_CONVERSION = YES;
				CLANG_WARN_OBJC_ROOT_CLASS = YES_ERROR;
				CLANG_WARN_UNREACHABLE_CODE = YES;
				CLANG_WARN__DUPLICATE_METHOD_MATCH = YES;
				"CODE_SIGN_IDENTITY[sdk=iphoneos*]" = "iPhone Developer";
				COPY_PHASE_STRIP = NO;
				DEBUG_INFORMATION_FORMAT = dwarf;
				ENABLE_STRICT_OBJC_MSGSEND = YES;
				ENABLE_TESTABILITY = YES;
				GCC_C_LANGUAGE_STANDARD = gnu99;
				GCC_DYNAMIC_NO_PIC = NO;
				GCC_NO_COMMON_BLOCKS = YES;
				GCC_OPTIMIZATION_LEVEL = 0;
				GCC_PREPROCESSOR_DEFINITIONS = (
					"DEBUG=1",
					"$(inherited)",
				);
				GCC_WARN_64_TO_32_BIT_CONVERSION = YES;
				GCC_WARN_ABOUT_RETURN_TYPE = YES_ERROR;
				GCC_WARN_UNDECLARED_SELECTOR = YES;
				GCC_WARN_UNINITIALIZED_AUTOS = YES_AGGRESSIVE;
				GCC_WARN_UNUSED_FUNCTION = YES;
				GCC_WARN_UNUSED_VARIABLE = YES;
				IPHONEOS_DEPLOYMENT_TARGET = 9.3;
				MTL_ENABLE_DEBUG_INFO = YES;
				ONLY_ACTIVE_ARCH = YES;
				SDKROOT = iphoneos;
			};
			name = Debug;
		};
		0472A5AF1D3C241500285438 /* Release */ = {
			isa = XCBuildConfiguration;
			buildSettings = {
				ALWAYS_SEARCH_USER_PATHS = NO;
				CLANG_ANALYZER_NONNULL = YES;
				CLANG_CXX_LANGUAGE_STANDARD = "gnu++0x";
				CLANG_CXX_LIBRARY = "libc++";
				CLANG_ENABLE_MODULES = YES;
				CLANG_ENABLE_OBJC_ARC = YES;
				CLANG_WARN_BOOL_CONVERSION = YES;
				CLANG_WARN_CONSTANT_CONVERSION = YES;
				CLANG_WARN_DIRECT_OBJC_ISA_USAGE = YES_ERROR;
				CLANG_WARN_EMPTY_BODY = YES;
				CLANG_WARN_ENUM_CONVERSION = YES;
				CLANG_WARN_INT_CONVERSION = YES;
				CLANG_WARN_OBJC_ROOT_CLASS = YES_ERROR;
				CLANG_WARN_UNREACHABLE_CODE = YES;
				CLANG_WARN__DUPLICATE_METHOD_MATCH = YES;
				"CODE_SIGN_IDENTITY[sdk=iphoneos*]" = "iPhone Developer";
				COPY_PHASE_STRIP = NO;
				DEBUG_INFORMATION_FORMAT = "dwarf-with-dsym";
				ENABLE_NS_ASSERTIONS = NO;
				ENABLE_STRICT_OBJC_MSGSEND = YES;
				GCC_C_LANGUAGE_STANDARD = gnu99;
				GCC_NO_COMMON_BLOCKS = YES;
				GCC_WARN_64_TO_32_BIT_CONVERSION = YES;
				GCC_WARN_ABOUT_RETURN_TYPE = YES_ERROR;
				GCC_WARN_UNDECLARED_SELECTOR = YES;
				GCC_WARN_UNINITIALIZED_AUTOS = YES_AGGRESSIVE;
				GCC_WARN_UNUSED_FUNCTION = YES;
				GCC_WARN_UNUSED_VARIABLE = YES;
				IPHONEOS_DEPLOYMENT_TARGET = 9.3;
				MTL_ENABLE_DEBUG_INFO = NO;
				SDKROOT = iphoneos;
				VALIDATE_PRODUCT = YES;
			};
			name = Release;
		};
		0472A5B11D3C241500285438 /* Debug */ = {
			isa = XCBuildConfiguration;
			buildSettings = {
				ASSETCATALOG_COMPILER_APPICON_NAME = AppIcon;
				INFOPLIST_FILE = "Color Changer/Info.plist";
				LD_RUNPATH_SEARCH_PATHS = "$(inherited) @executable_path/Frameworks";
				PRODUCT_BUNDLE_IDENTIFIER = "DW.Color-Changer";
				PRODUCT_NAME = "$(TARGET_NAME)";
				TARGETED_DEVICE_FAMILY = 1;
			};
			name = Debug;
		};
		0472A5B21D3C241500285438 /* Release */ = {
			isa = XCBuildConfiguration;
			buildSettings = {
				ASSETCATALOG_COMPILER_APPICON_NAME = AppIcon;
				INFOPLIST_FILE = "Color Changer/Info.plist";
				LD_RUNPATH_SEARCH_PATHS = "$(inherited) @executable_path/Frameworks";
				PRODUCT_BUNDLE_IDENTIFIER = "DW.Color-Changer";
				PRODUCT_NAME = "$(TARGET_NAME)";
				TARGETED_DEVICE_FAMILY = 1;
			};
			name = Release;
		};
		0472A5B41D3C241500285438 /* Debug */ = {
			isa = XCBuildConfiguration;
			buildSettings = {
				BUNDLE_LOADER = "$(TEST_HOST)";
				INFOPLIST_FILE = "Color ChangerTests/Info.plist";
				LD_RUNPATH_SEARCH_PATHS = "$(inherited) @executable_path/Frameworks @loader_path/Frameworks";
				PRODUCT_BUNDLE_IDENTIFIER = "DW.Color-ChangerTests";
				PRODUCT_NAME = "$(TARGET_NAME)";
				TEST_HOST = "$(BUILT_PRODUCTS_DIR)/Color Changer.app/Color Changer";
			};
			name = Debug;
		};
		0472A5B51D3C241500285438 /* Release */ = {
			isa = XCBuildConfiguration;
			buildSettings = {
				BUNDLE_LOADER = "$(TEST_HOST)";
				INFOPLIST_FILE = "Color ChangerTests/Info.plist";
				LD_RUNPATH_SEARCH_PATHS = "$(inherited) @executable_path/Frameworks @loader_path/Frameworks";
				PRODUCT_BUNDLE_IDENTIFIER = "DW.Color-ChangerTests";
				PRODUCT_NAME = "$(TARGET_NAME)";
				TEST_HOST = "$(BUILT_PRODUCTS_DIR)/Color Changer.app/Color Changer";
			};
			name = Release;
		};
		0472A5B71D3C241500285438 /* Debug */ = {
			isa = XCBuildConfiguration;
			buildSettings = {
				INFOPLIST_FILE = "Color ChangerUITests/Info.plist";
				LD_RUNPATH_SEARCH_PATHS = "$(inherited) @executable_path/Frameworks @loader_path/Frameworks";
				PRODUCT_BUNDLE_IDENTIFIER = "DW.Color-ChangerUITests";
				PRODUCT_NAME = "$(TARGET_NAME)";
				TEST_TARGET_NAME = "Color Changer";
			};
			name = Debug;
		};
		0472A5B81D3C241500285438 /* Release */ = {
			isa = XCBuildConfiguration;
			buildSettings = {
				INFOPLIST_FILE = "Color ChangerUITests/Info.plist";
				LD_RUNPATH_SEARCH_PATHS = "$(inherited) @executable_path/Frameworks @loader_path/Frameworks";
				PRODUCT_BUNDLE_IDENTIFIER = "DW.Color-ChangerUITests";
				PRODUCT_NAME = "$(TARGET_NAME)";
				TEST_TARGET_NAME = "Color Changer";
			};
			name = Release;
		};
/* End XCBuildConfiguration section */

/* Begin XCConfigurationList section */
		0472A57E1D3C241500285438 /* Build configuration list for PBXProject "Color Changer" */ = {
			isa = XCConfigurationList;
			buildConfigurations = (
				0472A5AE1D3C241500285438 /* Debug */,
				0472A5AF1D3C241500285438 /* Release */,
			);
			defaultConfigurationIsVisible = 0;
			defaultConfigurationName = Release;
		};
		0472A5B01D3C241500285438 /* Build configuration list for PBXNativeTarget "Color Changer" */ = {
			isa = XCConfigurationList;
			buildConfigurations = (
				0472A5B11D3C241500285438 /* Debug */,
				0472A5B21D3C241500285438 /* Release */,
			);
			defaultConfigurationIsVisible = 0;
			defaultConfigurationName = Release;
		};
		0472A5B31D3C241500285438 /* Build configuration list for PBXNativeTarget "Color ChangerTests" */ = {
			isa = XCConfigurationList;
			buildConfigurations = (
				0472A5B41D3C241500285438 /* Debug */,
				0472A5B51D3C241500285438 /* Release */,
			);
			defaultConfigurationIsVisible = 0;
			defaultConfigurationName = Release;
		};
		0472A5B61D3C241500285438 /* Build configuration list for PBXNativeTarget "Color ChangerUITests" */ = {
			isa = XCConfigurationList;
			buildConfigurations = (
				0472A5B71D3C241500285438 /* Debug */,
				0472A5B81D3C241500285438 /* Release */,
			);
			defaultConfigurationIsVisible = 0;
			defaultConfigurationName = Release;
		};
/* End XCConfigurationList section */
	};
	rootObject = 0472A57B1D3C241500285438 /* Project object */;
}
